
Microsoft Visual Studio Solution File, Format Version 12.00
# Visual Studio Version 16
VisualStudioVersion = 16.0.31515.178
MinimumVisualStudioVersion = 10.0.40219.1
Project("{FAE04EC0-301F-11D3-BF4B-00C04F79EFBC}") = "PierwszaApka", "PierwszaApka\PierwszaApka.csproj", "{B6A229CC-A9A3-446B-9AE8-B6AD1204F9A8}"
EndProject
Global
	GlobalSection(SolutionConfigurationPlatforms) = preSolution
		Debug|Any CPU = Debug|Any CPU
		Release|Any CPU = Release|Any CPU
	EndGlobalSection
	GlobalSection(ProjectConfigurationPlatforms) = postSolution
		{B6A229CC-A9A3-446B-9AE8-B6AD1204F9A8}.Debug|Any CPU.ActiveCfg = Debug|Any CPU
		{B6A229CC-A9A3-446B-9AE8-B6AD1204F9A8}.Debug|Any CPU.Build.0 = Debug|Any CPU
		{B6A229CC-A9A3-446B-9AE8-B6AD1204F9A8}.Release|Any CPU.ActiveCfg = Release|Any CPU
		{B6A229CC-A9A3-446B-9AE8-B6AD1204F9A8}.Release|Any CPU.Build.0 = Release|Any CPU
	EndGlobalSection
	GlobalSection(SolutionProperties) = preSolution
		HideSolutionNode = FALSE
	EndGlobalSection
	GlobalSection(ExtensibilityGlobals) = postSolution
		SolutionGuid = {0AA820A5-4265-4866-98C4-A75D650E3FA9}
	EndGlobalSection
EndGlobal
